
Microsoft Visual Studio Solution File, Format Version 12.00
# Visual Studio Version 17
VisualStudioVersion = 17.8.34309.116
MinimumVisualStudioVersion = 10.0.40219.1
Project("{FAE04EC0-301F-11D3-BF4B-00C04F79EFBC}") = "SoftUni", "SoftUni\SoftUni.csproj", "{3D333B53-E19D-4350-B815-C1D32708892B}"
EndProject
Global
	GlobalSection(SolutionConfigurationPlatforms) = preSolution
		Debug|Any CPU = Debug|Any CPU
		Release|Any CPU = Release|Any CPU
	EndGlobalSection
	GlobalSection(ProjectConfigurationPlatforms) = postSolution
		{3D333B53-E19D-4350-B815-C1D32708892B}.Debug|Any CPU.ActiveCfg = Debug|Any CPU
		{3D333B53-E19D-4350-B815-C1D32708892B}.Debug|Any CPU.Build.0 = Debug|Any CPU
		{3D333B53-E19D-4350-B815-C1D32708892B}.Release|Any CPU.ActiveCfg = Release|Any CPU
		{3D333B53-E19D-4350-B815-C1D32708892B}.Release|Any CPU.Build.0 = Release|Any CPU
	EndGlobalSection
	GlobalSection(SolutionProperties) = preSolution
		HideSolutionNode = FALSE
	EndGlobalSection
	GlobalSection(ExtensibilityGlobals) = postSolution
		SolutionGuid = {2A7C895A-AC66-4C4F-A815-E4656727DB23}
	EndGlobalSection
EndGlobal
